
Microsoft Visual Studio Solution File, Format Version 12.00
# Visual Studio Version 17
VisualStudioVersion = 17.3.32929.385
MinimumVisualStudioVersion = 10.0.40219.1
Project("{FAE04EC0-301F-11D3-BF4B-00C04F79EFBC}") = "PIAPROGRA", "PIAPROGRA.csproj", "{57C54B3D-7043-4B1D-BF7F-C217844B5251}"
EndProject
Project("{FAE04EC0-301F-11D3-BF4B-00C04F79EFBC}") = "BL", "..\BL\BL.csproj", "{ED93A7D8-85D6-4972-AED6-81C44E213E76}"
EndProject
Project("{FAE04EC0-301F-11D3-BF4B-00C04F79EFBC}") = "DAL", "..\DAL\DAL.csproj", "{E682F761-6F9B-4065-BAE1-C6671BD923E6}"
EndProject
Project("{FAE04EC0-301F-11D3-BF4B-00C04F79EFBC}") = "DTO", "..\DTO\DTO.csproj", "{535730E5-BD83-4245-B689-77F4D132B688}"
EndProject
Global
	GlobalSection(SolutionConfigurationPlatforms) = preSolution
		Debug|Any CPU = Debug|Any CPU
		Release|Any CPU = Release|Any CPU
	EndGlobalSection
	GlobalSection(ProjectConfigurationPlatforms) = postSolution
		{57C54B3D-7043-4B1D-BF7F-C217844B5251}.Debug|Any CPU.ActiveCfg = Debug|Any CPU
		{57C54B3D-7043-4B1D-BF7F-C217844B5251}.Debug|Any CPU.Build.0 = Debug|Any CPU
		{57C54B3D-7043-4B1D-BF7F-C217844B5251}.Release|Any CPU.ActiveCfg = Release|Any CPU
		{57C54B3D-7043-4B1D-BF7F-C217844B5251}.Release|Any CPU.Build.0 = Release|Any CPU
		{ED93A7D8-85D6-4972-AED6-81C44E213E76}.Debug|Any CPU.ActiveCfg = Debug|Any CPU
		{ED93A7D8-85D6-4972-AED6-81C44E213E76}.Debug|Any CPU.Build.0 = Debug|Any CPU
		{ED93A7D8-85D6-4972-AED6-81C44E213E76}.Release|Any CPU.ActiveCfg = Release|Any CPU
		{ED93A7D8-85D6-4972-AED6-81C44E213E76}.Release|Any CPU.Build.0 = Release|Any CPU
		{E682F761-6F9B-4065-BAE1-C6671BD923E6}.Debug|Any CPU.ActiveCfg = Debug|Any CPU
		{E682F761-6F9B-4065-BAE1-C6671BD923E6}.Debug|Any CPU.Build.0 = Debug|Any CPU
		{E682F761-6F9B-4065-BAE1-C6671BD923E6}.Release|Any CPU.ActiveCfg = Release|Any CPU
		{E682F761-6F9B-4065-BAE1-C6671BD923E6}.Release|Any CPU.Build.0 = Release|Any CPU
		{535730E5-BD83-4245-B689-77F4D132B688}.Debug|Any CPU.ActiveCfg = Debug|Any CPU
		{535730E5-BD83-4245-B689-77F4D132B688}.Debug|Any CPU.Build.0 = Debug|Any CPU
		{535730E5-BD83-4245-B689-77F4D132B688}.Release|Any CPU.ActiveCfg = Release|Any CPU
		{535730E5-BD83-4245-B689-77F4D132B688}.Release|Any CPU.Build.0 = Release|Any CPU
	EndGlobalSection
	GlobalSection(SolutionProperties) = preSolution
		HideSolutionNode = FALSE
	EndGlobalSection
	GlobalSection(ExtensibilityGlobals) = postSolution
		SolutionGuid = {3C97F85A-5780-4DA9-B701-23324B08A0E1}
	EndGlobalSection
EndGlobal
